Microsoft Visual Studio Solution File, Format Version 11.00
# Visual Studio 2008

Project("{4624320E-3C35-E03A-58EB-83CEBEA00DBF}") = "comp305-finalproject", "Assembly-CSharp.csproj", "{7EDC09F1-3196-1151-FBF7-6FC49D805894}"
EndProject
Global
	GlobalSection(SolutionConfigurationPlatforms) = preSolution
		Debug|Any CPU = Debug|Any CPU
		Release|Any CPU = Release|Any CPU
	EndGlobalSection
	GlobalSection(ProjectConfigurationPlatforms) = postSolution
		{7EDC09F1-3196-1151-FBF7-6FC49D805894}.Debug|Any CPU.ActiveCfg = Debug|Any CPU
		{7EDC09F1-3196-1151-FBF7-6FC49D805894}.Debug|Any CPU.Build.0 = Debug|Any CPU
		{7EDC09F1-3196-1151-FBF7-6FC49D805894}.Release|Any CPU.ActiveCfg = Release|Any CPU
		{7EDC09F1-3196-1151-FBF7-6FC49D805894}.Release|Any CPU.Build.0 = Release|Any CPU
	EndGlobalSection
	GlobalSection(SolutionProperties) = preSolution
		HideSolutionNode = FALSE
	EndGlobalSection
	GlobalSection(MonoDevelopProperties) = preSolution
		StartupItem = Assembly-CSharp.csproj
	EndGlobalSection
EndGlobal
